
Microsoft Visual Studio Solution File, Format Version 12.00
# Visual Studio Version 16
VisualStudioVersion = 16.0.32228.343
MinimumVisualStudioVersion = 10.0.40219.1
Project("{FAE04EC0-301F-11D3-BF4B-00C04F79EFBC}") = "DoEasyWebProyect", "DoEasyWebProyect\DoEasyWebProyect.csproj", "{BACFCB93-C178-44B9-A581-062ED766DD3B}"
EndProject
Project("{FAE04EC0-301F-11D3-BF4B-00C04F79EFBC}") = "DB", "DB\DB.csproj", "{FE26D49F-B177-458D-96EC-2854F48F1D96}"
EndProject
Project("{FAE04EC0-301F-11D3-BF4B-00C04F79EFBC}") = "DomainModel", "DomainModel\DomainModel.csproj", "{DD4017F6-2E34-415D-A3B8-11ECBA18A98B}"
EndProject
Project("{FAE04EC0-301F-11D3-BF4B-00C04F79EFBC}") = "DataModel", "DataModel\DataModel.csproj", "{52DAF436-42FA-4F38-9BBF-318E90074DBF}"
EndProject
Global
	GlobalSection(SolutionConfigurationPlatforms) = preSolution
		Debug|Any CPU = Debug|Any CPU
		Release|Any CPU = Release|Any CPU
	EndGlobalSection
	GlobalSection(ProjectConfigurationPlatforms) = postSolution
		{BACFCB93-C178-44B9-A581-062ED766DD3B}.Debug|Any CPU.ActiveCfg = Debug|Any CPU
		{BACFCB93-C178-44B9-A581-062ED766DD3B}.Debug|Any CPU.Build.0 = Debug|Any CPU
		{BACFCB93-C178-44B9-A581-062ED766DD3B}.Release|Any CPU.ActiveCfg = Release|Any CPU
		{BACFCB93-C178-44B9-A581-062ED766DD3B}.Release|Any CPU.Build.0 = Release|Any CPU
		{FE26D49F-B177-458D-96EC-2854F48F1D96}.Debug|Any CPU.ActiveCfg = Debug|Any CPU
		{FE26D49F-B177-458D-96EC-2854F48F1D96}.Debug|Any CPU.Build.0 = Debug|Any CPU
		{FE26D49F-B177-458D-96EC-2854F48F1D96}.Release|Any CPU.ActiveCfg = Release|Any CPU
		{FE26D49F-B177-458D-96EC-2854F48F1D96}.Release|Any CPU.Build.0 = Release|Any CPU
		{DD4017F6-2E34-415D-A3B8-11ECBA18A98B}.Debug|Any CPU.ActiveCfg = Debug|Any CPU
		{DD4017F6-2E34-415D-A3B8-11ECBA18A98B}.Debug|Any CPU.Build.0 = Debug|Any CPU
		{DD4017F6-2E34-415D-A3B8-11ECBA18A98B}.Release|Any CPU.ActiveCfg = Release|Any CPU
		{DD4017F6-2E34-415D-A3B8-11ECBA18A98B}.Release|Any CPU.Build.0 = Release|Any CPU
		{52DAF436-42FA-4F38-9BBF-318E90074DBF}.Debug|Any CPU.ActiveCfg = Debug|Any CPU
		{52DAF436-42FA-4F38-9BBF-318E90074DBF}.Debug|Any CPU.Build.0 = Debug|Any CPU
		{52DAF436-42FA-4F38-9BBF-318E90074DBF}.Release|Any CPU.ActiveCfg = Release|Any CPU
		{52DAF436-42FA-4F38-9BBF-318E90074DBF}.Release|Any CPU.Build.0 = Release|Any CPU
	EndGlobalSection
	GlobalSection(SolutionProperties) = preSolution
		HideSolutionNode = FALSE
	EndGlobalSection
	GlobalSection(ExtensibilityGlobals) = postSolution
		SolutionGuid = {55146246-8B40-4655-8E56-FCF0AFC73318}
	EndGlobalSection
EndGlobal
